
Microsoft Visual Studio Solution File, Format Version 12.00
# Visual Studio Version 17
VisualStudioVersion = 17.4.33213.308
MinimumVisualStudioVersion = 10.0.40219.1
Project("{FAE04EC0-301F-11D3-BF4B-00C04F79EFBC}") = "SpecFlowProject1752", "SpecFlowProject1752.csproj", "{423A815A-EDF2-47C9-915B-55D4C7D00814}"
EndProject
Global
	GlobalSection(SolutionConfigurationPlatforms) = preSolution
		Debug|Any CPU = Debug|Any CPU
		Release|Any CPU = Release|Any CPU
	EndGlobalSection
	GlobalSection(ProjectConfigurationPlatforms) = postSolution
		{423A815A-EDF2-47C9-915B-55D4C7D00814}.Debug|Any CPU.ActiveCfg = Debug|Any CPU
		{423A815A-EDF2-47C9-915B-55D4C7D00814}.Debug|Any CPU.Build.0 = Debug|Any CPU
		{423A815A-EDF2-47C9-915B-55D4C7D00814}.Release|Any CPU.ActiveCfg = Release|Any CPU
		{423A815A-EDF2-47C9-915B-55D4C7D00814}.Release|Any CPU.Build.0 = Release|Any CPU
	EndGlobalSection
	GlobalSection(SolutionProperties) = preSolution
		HideSolutionNode = FALSE
	EndGlobalSection
	GlobalSection(ExtensibilityGlobals) = postSolution
		SolutionGuid = {3FC93630-E263-421F-A77D-A37DB084DBC1}
	EndGlobalSection
EndGlobal
